
Microsoft Visual Studio Solution File, Format Version 12.00
# Visual Studio Version 16
VisualStudioVersion = 16.0.31702.278
MinimumVisualStudioVersion = 10.0.40219.1
Project("{FAE04EC0-301F-11D3-BF4B-00C04F79EFBC}") = "Supermecado", "Supermecado\Supermecado.csproj", "{1D0AAC36-CF09-459A-B566-0B4B09AED273}"
EndProject
Global
	GlobalSection(SolutionConfigurationPlatforms) = preSolution
		Debug|Any CPU = Debug|Any CPU
		Release|Any CPU = Release|Any CPU
	EndGlobalSection
	GlobalSection(ProjectConfigurationPlatforms) = postSolution
		{1D0AAC36-CF09-459A-B566-0B4B09AED273}.Debug|Any CPU.ActiveCfg = Debug|Any CPU
		{1D0AAC36-CF09-459A-B566-0B4B09AED273}.Debug|Any CPU.Build.0 = Debug|Any CPU
		{1D0AAC36-CF09-459A-B566-0B4B09AED273}.Release|Any CPU.ActiveCfg = Release|Any CPU
		{1D0AAC36-CF09-459A-B566-0B4B09AED273}.Release|Any CPU.Build.0 = Release|Any CPU
	EndGlobalSection
	GlobalSection(SolutionProperties) = preSolution
		HideSolutionNode = FALSE
	EndGlobalSection
	GlobalSection(ExtensibilityGlobals) = postSolution
		SolutionGuid = {59149E7D-3F56-45F1-B669-DA10C3B9CC30}
	EndGlobalSection
EndGlobal
